
Microsoft Visual Studio Solution File, Format Version 12.00
# Visual Studio Version 16
VisualStudioVersion = 16.0.31624.102
MinimumVisualStudioVersion = 10.0.40219.1
Project("{FAE04EC0-301F-11D3-BF4B-00C04F79EFBC}") = "platformer", "platformer\platformer.csproj", "{AB5758AA-6D30-4A30-A948-6D35CA3A4312}"
EndProject
Global
	GlobalSection(SolutionConfigurationPlatforms) = preSolution
		Debug|Any CPU = Debug|Any CPU
		Release|Any CPU = Release|Any CPU
	EndGlobalSection
	GlobalSection(ProjectConfigurationPlatforms) = postSolution
		{AB5758AA-6D30-4A30-A948-6D35CA3A4312}.Debug|Any CPU.ActiveCfg = Debug|Any CPU
		{AB5758AA-6D30-4A30-A948-6D35CA3A4312}.Debug|Any CPU.Build.0 = Debug|Any CPU
		{AB5758AA-6D30-4A30-A948-6D35CA3A4312}.Release|Any CPU.ActiveCfg = Release|Any CPU
		{AB5758AA-6D30-4A30-A948-6D35CA3A4312}.Release|Any CPU.Build.0 = Release|Any CPU
	EndGlobalSection
	GlobalSection(SolutionProperties) = preSolution
		HideSolutionNode = FALSE
	EndGlobalSection
	GlobalSection(ExtensibilityGlobals) = postSolution
		SolutionGuid = {A84585EC-C260-48FC-8086-7DF077C65785}
	EndGlobalSection
EndGlobal
